
Microsoft Visual Studio Solution File, Format Version 12.00
# Visual Studio Version 16
VisualStudioVersion = 16.0.30717.126
MinimumVisualStudioVersion = 10.0.40219.1
Project("{FAE04EC0-301F-11D3-BF4B-00C04F79EFBC}") = "TeleSharp.TL", "TeleSharp.TL\TeleSharp.TL.csproj", "{943F6F9B-9E7A-4686-92AF-8F54E3C11046}"
EndProject
Project("{FAE04EC0-301F-11D3-BF4B-00C04F79EFBC}") = "TeleSharp.Generator", "TeleSharp.Generator\TeleSharp.Generator.csproj", "{9B6B35D9-1368-46D7-8C79-57BEAA4EED19}"
EndProject
Project("{FAE04EC0-301F-11D3-BF4B-00C04F79EFBC}") = "TLSharp.Core", "TLSharp.Core\TLSharp.Core.csproj", "{34DD3F13-B3A2-4F8D-B833-A0C4A2AA2ADB}"
EndProject
Global
	GlobalSection(SolutionConfigurationPlatforms) = preSolution
		Debug|Any CPU = Debug|Any CPU
		Release|Any CPU = Release|Any CPU
	EndGlobalSection
	GlobalSection(ProjectConfigurationPlatforms) = postSolution
		{943F6F9B-9E7A-4686-92AF-8F54E3C11046}.Debug|Any CPU.ActiveCfg = Debug|Any CPU
		{943F6F9B-9E7A-4686-92AF-8F54E3C11046}.Debug|Any CPU.Build.0 = Debug|Any CPU
		{943F6F9B-9E7A-4686-92AF-8F54E3C11046}.Release|Any CPU.ActiveCfg = Release|Any CPU
		{943F6F9B-9E7A-4686-92AF-8F54E3C11046}.Release|Any CPU.Build.0 = Release|Any CPU
		{9B6B35D9-1368-46D7-8C79-57BEAA4EED19}.Debug|Any CPU.ActiveCfg = Debug|Any CPU
		{9B6B35D9-1368-46D7-8C79-57BEAA4EED19}.Debug|Any CPU.Build.0 = Debug|Any CPU
		{9B6B35D9-1368-46D7-8C79-57BEAA4EED19}.Release|Any CPU.ActiveCfg = Release|Any CPU
		{9B6B35D9-1368-46D7-8C79-57BEAA4EED19}.Release|Any CPU.Build.0 = Release|Any CPU
		{34DD3F13-B3A2-4F8D-B833-A0C4A2AA2ADB}.Debug|Any CPU.ActiveCfg = Debug|Any CPU
		{34DD3F13-B3A2-4F8D-B833-A0C4A2AA2ADB}.Debug|Any CPU.Build.0 = Debug|Any CPU
		{34DD3F13-B3A2-4F8D-B833-A0C4A2AA2ADB}.Release|Any CPU.ActiveCfg = Release|Any CPU
		{34DD3F13-B3A2-4F8D-B833-A0C4A2AA2ADB}.Release|Any CPU.Build.0 = Release|Any CPU
	EndGlobalSection
	GlobalSection(SolutionProperties) = preSolution
		HideSolutionNode = FALSE
	EndGlobalSection
	GlobalSection(ExtensibilityGlobals) = postSolution
		SolutionGuid = {CEAACA25-11F3-4559-80BD-A764F577E079}
	EndGlobalSection
EndGlobal
